Microsoft Visual Studio Solution File, Format Version 12.00
# Visual Studio 2012
Project("{FAE04EC0-301F-11D3-BF4B-00C04F79EFBC}") = "GodotSingleplayerProject", "GodotSingleplayerProject.csproj", "{768BC843-1D79-4F25-B588-E6FE557BB687}"
EndProject
Global
	GlobalSection(SolutionConfigurationPlatforms) = preSolution
	Debug|Any CPU = Debug|Any CPU
	ExportDebug|Any CPU = ExportDebug|Any CPU
	ExportRelease|Any CPU = ExportRelease|Any CPU
	EndGlobalSection
	GlobalSection(ProjectConfigurationPlatforms) = postSolution
		{768BC843-1D79-4F25-B588-E6FE557BB687}.Debug|Any CPU.ActiveCfg = Debug|Any CPU
		{768BC843-1D79-4F25-B588-E6FE557BB687}.Debug|Any CPU.Build.0 = Debug|Any CPU
		{768BC843-1D79-4F25-B588-E6FE557BB687}.ExportDebug|Any CPU.ActiveCfg = ExportDebug|Any CPU
		{768BC843-1D79-4F25-B588-E6FE557BB687}.ExportDebug|Any CPU.Build.0 = ExportDebug|Any CPU
		{768BC843-1D79-4F25-B588-E6FE557BB687}.ExportRelease|Any CPU.ActiveCfg = ExportRelease|Any CPU
		{768BC843-1D79-4F25-B588-E6FE557BB687}.ExportRelease|Any CPU.Build.0 = ExportRelease|Any CPU
	EndGlobalSection
EndGlobal
